<?xml version="1.0" encoding="utf-8"?>
<Project ToolsVersion="4.0" xmlns="http://schemas.microsoft.com/developer/msbuild/2003">
  <ItemGroup>
    <Filter Include="Resource Files">
      <UniqueIdentifier>{67DA6AB6-F800-4c08-8B7A-83BB121AAD01}</UniqueIdentifier>
      <Extensions>rc;ico;cur;bmp;dlg;rc2;rct;bin;rgs;gif;jpg;jpeg;jpe;resx;tiff;tif;png;wav;mfcribbon-ms</Extensions>
    </Filter>
    <Filter Include="App">
      <UniqueIdentifier>{b13f95e5-72ff-4175-8384-6c0b934088e7}</UniqueIdentifier>
    </Filter>
    <Filter Include="App\Source Files">
      <UniqueIdentifier>{ec08d3be-10c7-4183-a62d-af2ddfae3238}</UniqueIdentifier>
    </Filter>
    <Filter Include="App\Header Files">
      <UniqueIdentifier>{00c5e5b1-93a6-4dc2-a72a-9534857257cd}</UniqueIdentifier>
    </Filter>
    <Filter Include="libdxfrw">
      <UniqueIdentifier>{e9230ade-d653-453b-a606-544b9be9e90a}</UniqueIdentifier>
    </Filter>
    <Filter Include="libdxfrw\Source Files">
      <UniqueIdentifier>{4FC737F1-C7A5-4376-A066-2A32D752A2FF}</UniqueIdentifier>
      <Extensions>cpp;c;cc;cxx;def;odl;idl;hpj;bat;asm;asmx</Extensions>
    </Filter>
    <Filter Include="libdxfrw\Header Files">
      <UniqueIdentifier>{93995380-89BD-4b04-88EB-625FBE52EBFB}</UniqueIdentifier>
      <Extensions>h;hh;hpp;hxx;hm;inl;inc;xsd</Extensions>
    </Filter>
  </ItemGroup>
  <ItemGroup>
    <ClInclude Include="..\src\drw_base.h">
      <Filter>libdxfrw\Header Files</Filter>
    </ClInclude>
    <ClInclude Include="..\src\drw_classes.h">
      <Filter>libdxfrw\Header Files</Filter>
    </ClInclude>
    <ClInclude Include="..\src\drw_entities.h">
      <Filter>libdxfrw\Header Files</Filter>
    </ClInclude>
    <ClInclude Include="..\src\drw_header.h">
      <Filter>libdxfrw\Header Files</Filter>
    </ClInclude>
    <ClInclude Include="..\src\drw_interface.h">
      <Filter>libdxfrw\Header Files</Filter>
    </ClInclude>
    <ClInclude Include="..\src\drw_objects.h">
      <Filter>libdxfrw\Header Files</Filter>
    </ClInclude>
    <ClInclude Include="..\src\libdwgr.h">
      <Filter>libdxfrw\Header Files</Filter>
    </ClInclude>
    <ClInclude Include="..\src\libdxfrw.h">
      <Filter>libdxfrw\Header Files</Filter>
    </ClInclude>
    <ClInclude Include="..\src\main_doc.h">
      <Filter>libdxfrw\Header Files</Filter>
    </ClInclude>
    <ClInclude Include="..\src\intern\drw_cptable932.h">
      <Filter>libdxfrw\Header Files</Filter>
    </ClInclude>
    <ClInclude Include="..\src\intern\drw_cptable936.h">
      <Filter>libdxfrw\Header Files</Filter>
    </ClInclude>
    <ClInclude Include="..\src\intern\drw_cptable949.h">
      <Filter>libdxfrw\Header Files</Filter>
    </ClInclude>
    <ClInclude Include="..\src\intern\drw_cptable950.h">
      <Filter>libdxfrw\Header Files</Filter>
    </ClInclude>
    <ClInclude Include="..\src\intern\drw_cptables.h">
      <Filter>libdxfrw\Header Files</Filter>
    </ClInclude>
    <ClInclude Include="..\src\intern\drw_dbg.h">
      <Filter>libdxfrw\Header Files</Filter>
    </ClInclude>
    <ClInclude Include="..\src\intern\drw_textcodec.h">
      <Filter>libdxfrw\Header Files</Filter>
    </ClInclude>
    <ClInclude Include="..\src\intern\dwgbuffer.h">
      <Filter>libdxfrw\Header Files</Filter>
    </ClInclude>
    <ClInclude Include="..\src\intern\dwgreader.h">
      <Filter>libdxfrw\Header Files</Filter>
    </ClInclude>
    <ClInclude Include="..\src\intern\dwgreader15.h">
      <Filter>libdxfrw\Header Files</Filter>
    </ClInclude>
    <ClInclude Include="..\src\intern\dwgreader18.h">
      <Filter>libdxfrw\Header Files</Filter>
    </ClInclude>
    <ClInclude Include="..\src\intern\dwgreader21.h">
      <Filter>libdxfrw\Header Files</Filter>
    </ClInclude>
    <ClInclude Include="..\src\intern\dwgreader24.h">
      <Filter>libdxfrw\Header Files</Filter>
    </ClInclude>
    <ClInclude Include="..\src\intern\dwgreader27.h">
      <Filter>libdxfrw\Header Files</Filter>
    </ClInclude>
    <ClInclude Include="..\src\intern\dwgutil.h">
      <Filter>libdxfrw\Header Files</Filter>
    </ClInclude>
    <ClInclude Include="..\src\intern\dxfreader.h">
      <Filter>libdxfrw\Header Files</Filter>
    </ClInclude>
    <ClInclude Include="..\src\intern\dxfwriter.h">
      <Filter>libdxfrw\Header Files</Filter>
    </ClInclude>
    <ClInclude Include="..\src\intern\rscodec.h">
      <Filter>libdxfrw\Header Files</Filter>
    </ClInclude>
    <ClInclude Include="..\src\App\dx_data.h">
      <Filter>App\Header Files</Filter>
    </ClInclude>
    <ClInclude Include="..\src\App\dx_iface.h">
      <Filter>App\Header Files</Filter>
    </ClInclude>
    <ClInclude Include="..\src\App\write_svg.h">
      <Filter>App\Header Files</Filter>
    </ClInclude>
  </ItemGroup>
  <ItemGroup>
    <ClCompile Include="..\src\drw_classes.cpp">
      <Filter>libdxfrw\Source Files</Filter>
    </ClCompile>
    <ClCompile Include="..\src\drw_entities.cpp">
      <Filter>libdxfrw\Source Files</Filter>
    </ClCompile>
    <ClCompile Include="..\src\drw_header.cpp">
      <Filter>libdxfrw\Source Files</Filter>
    </ClCompile>
    <ClCompile Include="..\src\drw_objects.cpp">
      <Filter>libdxfrw\Source Files</Filter>
    </ClCompile>
    <ClCompile Include="..\src\libdwgr.cpp">
      <Filter>libdxfrw\Source Files</Filter>
    </ClCompile>
    <ClCompile Include="..\src\libdxfrw.cpp">
      <Filter>libdxfrw\Source Files</Filter>
    </ClCompile>
    <ClCompile Include="..\src\intern\drw_dbg.cpp">
      <Filter>libdxfrw\Source Files</Filter>
    </ClCompile>
    <ClCompile Include="..\src\intern\drw_textcodec.cpp">
      <Filter>libdxfrw\Source Files</Filter>
    </ClCompile>
    <ClCompile Include="..\src\intern\dwgbuffer.cpp">
      <Filter>libdxfrw\Source Files</Filter>
    </ClCompile>
    <ClCompile Include="..\src\intern\dwgreader.cpp">
      <Filter>libdxfrw\Source Files</Filter>
    </ClCompile>
    <ClCompile Include="..\src\intern\dwgreader15.cpp">
      <Filter>libdxfrw\Source Files</Filter>
    </ClCompile>
    <ClCompile Include="..\src\intern\dwgreader18.cpp">
      <Filter>libdxfrw\Source Files</Filter>
    </ClCompile>
    <ClCompile Include="..\src\intern\dwgreader21.cpp">
      <Filter>libdxfrw\Source Files</Filter>
    </ClCompile>
    <ClCompile Include="..\src\intern\dwgreader24.cpp">
      <Filter>libdxfrw\Source Files</Filter>
    </ClCompile>
    <ClCompile Include="..\src\intern\dwgreader27.cpp">
      <Filter>libdxfrw\Source Files</Filter>
    </ClCompile>
    <ClCompile Include="..\src\intern\dwgutil.cpp">
      <Filter>libdxfrw\Source Files</Filter>
    </ClCompile>
    <ClCompile Include="..\src\intern\dxfreader.cpp">
      <Filter>libdxfrw\Source Files</Filter>
    </ClCompile>
    <ClCompile Include="..\src\intern\dxfwriter.cpp">
      <Filter>libdxfrw\Source Files</Filter>
    </ClCompile>
    <ClCompile Include="..\src\intern\rscodec.cpp">
      <Filter>libdxfrw\Source Files</Filter>
    </ClCompile>
    <ClCompile Include="..\src\App\dx_iface.cpp">
      <Filter>App\Source Files</Filter>
    </ClCompile>
    <ClCompile Include="..\src\App\main.cpp">
      <Filter>App\Source Files</Filter>
    </ClCompile>
    <ClCompile Include="..\src\App\write_svg.cpp">
      <Filter>App\Source Files</Filter>
    </ClCompile>
  </ItemGroup>
  <ItemGroup>
    <None Include="packages.config" />
  </ItemGroup>
</Project>